Microsoft Visual Studio Solution File, Format Version 12.00
# Visual Studio Version 17
VisualStudioVersion = 17.5.2.0
MinimumVisualStudioVersion = 10.0.40219.1
Project("{FAE04EC0-301F-11D3-BF4B-00C04F79EFBC}") = "backend-monopoly", "backend-monopoly.csproj", "{4CF30EA5-C444-CC1D-8A48-4441DA613BE1}"
EndProject
Global
	GlobalSection(SolutionConfigurationPlatforms) = preSolution
		Debug|Any CPU = Debug|Any CPU
		Release|Any CPU = Release|Any CPU
	EndGlobalSection
	GlobalSection(ProjectConfigurationPlatforms) = postSolution
		{4CF30EA5-C444-CC1D-8A48-4441DA613BE1}.Debug|Any CPU.ActiveCfg = Debug|Any CPU
		{4CF30EA5-C444-CC1D-8A48-4441DA613BE1}.Debug|Any CPU.Build.0 = Debug|Any CPU
		{4CF30EA5-C444-CC1D-8A48-4441DA613BE1}.Release|Any CPU.ActiveCfg = Release|Any CPU
		{4CF30EA5-C444-CC1D-8A48-4441DA613BE1}.Release|Any CPU.Build.0 = Release|Any CPU
	EndGlobalSection
	GlobalSection(SolutionProperties) = preSolution
		HideSolutionNode = FALSE
	EndGlobalSection
	GlobalSection(ExtensibilityGlobals) = postSolution
		SolutionGuid = {280D33BD-D9BA-466D-BCAA-9A32D57B47ED}
	EndGlobalSection
EndGlobal
